
Microsoft Visual Studio Solution File, Format Version 12.00
# Visual Studio 14
VisualStudioVersion = 14.0.25420.1
MinimumVisualStudioVersion = 10.0.40219.1
Project("{FAE04EC0-301F-11D3-BF4B-00C04F79EFBC}") = "Calculus", "Calculus\Calculus\Calculus.csproj", "{E37A03BC-9C68-488A-97D7-85BE13F4B4DF}"
EndProject
Project("{FAE04EC0-301F-11D3-BF4B-00C04F79EFBC}") = "Calculus.Droid", "Calculus\Calculus.Droid\Calculus.Droid.csproj", "{631D3DB4-6175-43BD-9CD5-0FD0C0745AF7}"
EndProject
Project("{FAE04EC0-301F-11D3-BF4B-00C04F79EFBC}") = "Calculus.iOS", "Calculus\Calculus.iOS\Calculus.iOS.csproj", "{102380E9-2454-4CCC-A1C6-9ABF3A00CAAE}"
EndProject
Project("{FAE04EC0-301F-11D3-BF4B-00C04F79EFBC}") = "Calculus.WinPhone", "Calculus\Calculus.WinPhone\Calculus.WinPhone.csproj", "{108DE58E-BF9C-45D5-BB87-BAD5935B1FDA}"
EndProject
Project("{FAE04EC0-301F-11D3-BF4B-00C04F79EFBC}") = "Calculus.Windows", "Calculus\Calculus.Windows\Calculus.Windows.csproj", "{3721AECD-6ED9-4763-8955-C70D19D50E77}"
EndProject
Global
	GlobalSection(SolutionConfigurationPlatforms) = preSolution
		Ad-Hoc|Any CPU = Ad-Hoc|Any CPU
		Ad-Hoc|ARM = Ad-Hoc|ARM
		Ad-Hoc|iPhone = Ad-Hoc|iPhone
		Ad-Hoc|iPhoneSimulator = Ad-Hoc|iPhoneSimulator
		Ad-Hoc|x64 = Ad-Hoc|x64
		Ad-Hoc|x86 = Ad-Hoc|x86
		AppStore|Any CPU = AppStore|Any CPU
		AppStore|ARM = AppStore|ARM
		AppStore|iPhone = AppStore|iPhone
		AppStore|iPhoneSimulator = AppStore|iPhoneSimulator
		AppStore|x64 = AppStore|x64
		AppStore|x86 = AppStore|x86
		Debug|Any CPU = Debug|Any CPU
		Debug|ARM = Debug|ARM
		Debug|iPhone = Debug|iPhone
		Debug|iPhoneSimulator = Debug|iPhoneSimulator
		Debug|x64 = Debug|x64
		Debug|x86 = Debug|x86
		Release|Any CPU = Release|Any CPU
		Release|ARM = Release|ARM
		Release|iPhone = Release|iPhone
		Release|iPhoneSimulator = Release|iPhoneSimulator
		Release|x64 = Release|x64
		Release|x86 = Release|x86
	EndGlobalSection
	GlobalSection(ProjectConfigurationPlatforms) = postSolution
		{E37A03BC-9C68-488A-97D7-85BE13F4B4DF}.Ad-Hoc|Any CPU.ActiveCfg = Release|Any CPU
		{E37A03BC-9C68-488A-97D7-85BE13F4B4DF}.Ad-Hoc|Any CPU.Build.0 = Release|Any CPU
		{E37A03BC-9C68-488A-97D7-85BE13F4B4DF}.Ad-Hoc|ARM.ActiveCfg = Release|Any CPU
		{E37A03BC-9C68-488A-97D7-85BE13F4B4DF}.Ad-Hoc|ARM.Build.0 = Release|Any CPU
		{E37A03BC-9C68-488A-97D7-85BE13F4B4DF}.Ad-Hoc|iPhone.ActiveCfg = Release|Any CPU
		{E37A03BC-9C68-488A-97D7-85BE13F4B4DF}.Ad-Hoc|iPhone.Build.0 = Release|Any CPU
		{E37A03BC-9C68-488A-97D7-85BE13F4B4DF}.Ad-Hoc|iPhoneSimulator.ActiveCfg = Release|Any CPU
		{E37A03BC-9C68-488A-97D7-85BE13F4B4DF}.Ad-Hoc|iPhoneSimulator.Build.0 = Release|Any CPU
		{E37A03BC-9C68-488A-97D7-85BE13F4B4DF}.Ad-Hoc|x64.ActiveCfg = Release|Any CPU
		{E37A03BC-9C68-488A-97D7-85BE13F4B4DF}.Ad-Hoc|x64.Build.0 = Release|Any CPU
		{E37A03BC-9C68-488A-97D7-85BE13F4B4DF}.Ad-Hoc|x86.ActiveCfg = Release|Any CPU
		{E37A03BC-9C68-488A-97D7-85BE13F4B4DF}.Ad-Hoc|x86.Build.0 = Release|Any CPU
		{E37A03BC-9C68-488A-97D7-85BE13F4B4DF}.AppStore|Any CPU.ActiveCfg = Release|Any CPU
		{E37A03BC-9C68-488A-97D7-85BE13F4B4DF}.AppStore|Any CPU.Build.0 = Release|Any CPU
		{E37A03BC-9C68-488A-97D7-85BE13F4B4DF}.AppStore|ARM.ActiveCfg = Release|Any CPU
		{E37A03BC-9C68-488A-97D7-85BE13F4B4DF}.AppStore|ARM.Build.0 = Release|Any CPU
		{E37A03BC-9C68-488A-97D7-85BE13F4B4DF}.AppStore|iPhone.ActiveCfg = Release|Any CPU
		{E37A03BC-9C68-488A-97D7-85BE13F4B4DF}.AppStore|iPhone.Build.0 = Release|Any CPU
		{E37A03BC-9C68-488A-97D7-85BE13F4B4DF}.AppStore|iPhoneSimulator.ActiveCfg = Release|Any CPU
		{E37A03BC-9C68-488A-97D7-85BE13F4B4DF}.AppStore|iPhoneSimulator.Build.0 = Release|Any CPU
		{E37A03BC-9C68-488A-97D7-85BE13F4B4DF}.AppStore|x64.ActiveCfg = Release|Any CPU
		{E37A03BC-9C68-488A-97D7-85BE13F4B4DF}.AppStore|x64.Build.0 = Release|Any CPU
		{E37A03BC-9C68-488A-97D7-85BE13F4B4DF}.AppStore|x86.ActiveCfg = Release|Any CPU
		{E37A03BC-9C68-488A-97D7-85BE13F4B4DF}.AppStore|x86.Build.0 = Release|Any CPU
		{E37A03BC-9C68-488A-97D7-85BE13F4B4DF}.Debug|Any CPU.ActiveCfg = Debug|Any CPU
		{E37A03BC-9C68-488A-97D7-85BE13F4B4DF}.Debug|Any CPU.Build.0 = Debug|Any CPU
		{E37A03BC-9C68-488A-97D7-85BE13F4B4DF}.Debug|ARM.ActiveCfg = Debug|Any CPU
		{E37A03BC-9C68-488A-97D7-85BE13F4B4DF}.Debug|ARM.Build.0 = Debug|Any CPU
		{E37A03BC-9C68-488A-97D7-85BE13F4B4DF}.Debug|iPhone.ActiveCfg = Debug|Any CPU
		{E37A03BC-9C68-488A-97D7-85BE13F4B4DF}.Debug|iPhone.Build.0 = Debug|Any CPU
		{E37A03BC-9C68-488A-97D7-85BE13F4B4DF}.Debug|iPhoneSimulator.ActiveCfg = Debug|Any CPU
		{E37A03BC-9C68-488A-97D7-85BE13F4B4DF}.Debug|iPhoneSimulator.Build.0 = Debug|Any CPU
		{E37A03BC-9C68-488A-97D7-85BE13F4B4DF}.Debug|x64.ActiveCfg = Debug|Any CPU
		{E37A03BC-9C68-488A-97D7-85BE13F4B4DF}.Debug|x64.Build.0 = Debug|Any CPU
		{E37A03BC-9C68-488A-97D7-85BE13F4B4DF}.Debug|x86.ActiveCfg = Debug|Any CPU
		{E37A03BC-9C68-488A-97D7-85BE13F4B4DF}.Debug|x86.Build.0 = Debug|Any CPU
		{E37A03BC-9C68-488A-97D7-85BE13F4B4DF}.Release|Any CPU.ActiveCfg = Release|Any CPU
		{E37A03BC-9C68-488A-97D7-85BE13F4B4DF}.Release|Any CPU.Build.0 = Release|Any CPU
		{E37A03BC-9C68-488A-97D7-85BE13F4B4DF}.Release|ARM.ActiveCfg = Release|Any CPU
		{E37A03BC-9C68-488A-97D7-85BE13F4B4DF}.Release|ARM.Build.0 = Release|Any CPU
		{E37A03BC-9C68-488A-97D7-85BE13F4B4DF}.Release|iPhone.ActiveCfg = Release|Any CPU
		{E37A03BC-9C68-488A-97D7-85BE13F4B4DF}.Release|iPhone.Build.0 = Release|Any CPU
		{E37A03BC-9C68-488A-97D7-85BE13F4B4DF}.Release|iPhoneSimulator.ActiveCfg = Release|Any CPU
		{E37A03BC-9C68-488A-97D7-85BE13F4B4DF}.Release|iPhoneSimulator.Build.0 = Release|Any CPU
		{E37A03BC-9C68-488A-97D7-85BE13F4B4DF}.Release|x64.ActiveCfg = Release|Any CPU
		{E37A03BC-9C68-488A-97D7-85BE13F4B4DF}.Release|x64.Build.0 = Release|Any CPU
		{E37A03BC-9C68-488A-97D7-85BE13F4B4DF}.Release|x86.ActiveCfg = Release|Any CPU
		{E37A03BC-9C68-488A-97D7-85BE13F4B4DF}.Release|x86.Build.0 = Release|Any CPU
		{631D3DB4-6175-43BD-9CD5-0FD0C0745AF7}.Ad-Hoc|Any CPU.ActiveCfg = Release|Any CPU
		{631D3DB4-6175-43BD-9CD5-0FD0C0745AF7}.Ad-Hoc|Any CPU.Build.0 = Release|Any CPU
		{631D3DB4-6175-43BD-9CD5-0FD0C0745AF7}.Ad-Hoc|Any CPU.Deploy.0 = Release|Any CPU
		{631D3DB4-6175-43BD-9CD5-0FD0C0745AF7}.Ad-Hoc|ARM.ActiveCfg = Release|Any CPU
		{631D3DB4-6175-43BD-9CD5-0FD0C0745AF7}.Ad-Hoc|ARM.Build.0 = Release|Any CPU
		{631D3DB4-6175-43BD-9CD5-0FD0C0745AF7}.Ad-Hoc|ARM.Deploy.0 = Release|Any CPU
		{631D3DB4-6175-43BD-9CD5-0FD0C0745AF7}.Ad-Hoc|iPhone.ActiveCfg = Release|Any CPU
		{631D3DB4-6175-43BD-9CD5-0FD0C0745AF7}.Ad-Hoc|iPhone.Build.0 = Release|Any CPU
		{631D3DB4-6175-43BD-9CD5-0FD0C0745AF7}.Ad-Hoc|iPhone.Deploy.0 = Release|Any CPU
		{631D3DB4-6175-43BD-9CD5-0FD0C0745AF7}.Ad-Hoc|iPhoneSimulator.ActiveCfg = Release|Any CPU
		{631D3DB4-6175-43BD-9CD5-0FD0C0745AF7}.Ad-Hoc|iPhoneSimulator.Build.0 = Release|Any CPU
		{631D3DB4-6175-43BD-9CD5-0FD0C0745AF7}.Ad-Hoc|iPhoneSimulator.Deploy.0 = Release|Any CPU
		{631D3DB4-6175-43BD-9CD5-0FD0C0745AF7}.Ad-Hoc|x64.ActiveCfg = Release|Any CPU
		{631D3DB4-6175-43BD-9CD5-0FD0C0745AF7}.Ad-Hoc|x64.Build.0 = Release|Any CPU
		{631D3DB4-6175-43BD-9CD5-0FD0C0745AF7}.Ad-Hoc|x64.Deploy.0 = Release|Any CPU
		{631D3DB4-6175-43BD-9CD5-0FD0C0745AF7}.Ad-Hoc|x86.ActiveCfg = Release|Any CPU
		{631D3DB4-6175-43BD-9CD5-0FD0C0745AF7}.Ad-Hoc|x86.Build.0 = Release|Any CPU
		{631D3DB4-6175-43BD-9CD5-0FD0C0745AF7}.Ad-Hoc|x86.Deploy.0 = Release|Any CPU
		{631D3DB4-6175-43BD-9CD5-0FD0C0745AF7}.AppStore|Any CPU.ActiveCfg = Release|Any CPU
		{631D3DB4-6175-43BD-9CD5-0FD0C0745AF7}.AppStore|Any CPU.Build.0 = Release|Any CPU
		{631D3DB4-6175-43BD-9CD5-0FD0C0745AF7}.AppStore|Any CPU.Deploy.0 = Release|Any CPU
		{631D3DB4-6175-43BD-9CD5-0FD0C0745AF7}.AppStore|ARM.ActiveCfg = Release|Any CPU
		{631D3DB4-6175-43BD-9CD5-0FD0C0745AF7}.AppStore|ARM.Build.0 = Release|Any CPU
		{631D3DB4-6175-43BD-9CD5-0FD0C0745AF7}.AppStore|ARM.Deploy.0 = Release|Any CPU
		{631D3DB4-6175-43BD-9CD5-0FD0C0745AF7}.AppStore|iPhone.ActiveCfg = Release|Any CPU
		{631D3DB4-6175-43BD-9CD5-0FD0C0745AF7}.AppStore|iPhone.Build.0 = Release|Any CPU
		{631D3DB4-6175-43BD-9CD5-0FD0C0745AF7}.AppStore|iPhone.Deploy.0 = Release|Any CPU
		{631D3DB4-6175-43BD-9CD5-0FD0C0745AF7}.AppStore|iPhoneSimulator.ActiveCfg = Release|Any CPU
		{631D3DB4-6175-43BD-9CD5-0FD0C0745AF7}.AppStore|iPhoneSimulator.Build.0 = Release|Any CPU
		{631D3DB4-6175-43BD-9CD5-0FD0C0745AF7}.AppStore|iPhoneSimulator.Deploy.0 = Release|Any CPU
		{631D3DB4-6175-43BD-9CD5-0FD0C0745AF7}.AppStore|x64.ActiveCfg = Release|Any CPU
		{631D3DB4-6175-43BD-9CD5-0FD0C0745AF7}.AppStore|x64.Build.0 = Release|Any CPU
		{631D3DB4-6175-43BD-9CD5-0FD0C0745AF7}.AppStore|x64.Deploy.0 = Release|Any CPU
		{631D3DB4-6175-43BD-9CD5-0FD0C0745AF7}.AppStore|x86.ActiveCfg = Release|Any CPU
		{631D3DB4-6175-43BD-9CD5-0FD0C0745AF7}.AppStore|x86.Build.0 = Release|Any CPU
		{631D3DB4-6175-43BD-9CD5-0FD0C0745AF7}.AppStore|x86.Deploy.0 = Release|Any CPU
		{631D3DB4-6175-43BD-9CD5-0FD0C0745AF7}.Debug|Any CPU.ActiveCfg = Debug|Any CPU
		{631D3DB4-6175-43BD-9CD5-0FD0C0745AF7}.Debug|Any CPU.Build.0 = Debug|Any CPU
		{631D3DB4-6175-43BD-9CD5-0FD0C0745AF7}.Debug|Any CPU.Deploy.0 = Debug|Any CPU
		{631D3DB4-6175-43BD-9CD5-0FD0C0745AF7}.Debug|ARM.ActiveCfg = Debug|Any CPU
		{631D3DB4-6175-43BD-9CD5-0FD0C0745AF7}.Debug|ARM.Build.0 = Debug|Any CPU
		{631D3DB4-6175-43BD-9CD5-0FD0C0745AF7}.Debug|ARM.Deploy.0 = Debug|Any CPU
		{631D3DB4-6175-43BD-9CD5-0FD0C0745AF7}.Debug|iPhone.ActiveCfg = Debug|Any CPU
		{631D3DB4-6175-43BD-9CD5-0FD0C0745AF7}.Debug|iPhone.Build.0 = Debug|Any CPU
		{631D3DB4-6175-43BD-9CD5-0FD0C0745AF7}.Debug|iPhone.Deploy.0 = Debug|Any CPU
		{631D3DB4-6175-43BD-9CD5-0FD0C0745AF7}.Debug|iPhoneSimulator.ActiveCfg = Debug|Any CPU
		{631D3DB4-6175-43BD-9CD5-0FD0C0745AF7}.Debug|iPhoneSimulator.Build.0 = Debug|Any CPU
		{631D3DB4-6175-43BD-9CD5-0FD0C0745AF7}.Debug|iPhoneSimulator.Deploy.0 = Debug|Any CPU
		{631D3DB4-6175-43BD-9CD5-0FD0C0745AF7}.Debug|x64.ActiveCfg = Debug|Any CPU
		{631D3DB4-6175-43BD-9CD5-0FD0C0745AF7}.Debug|x64.Build.0 = Debug|Any CPU
		{631D3DB4-6175-43BD-9CD5-0FD0C0745AF7}.Debug|x64.Deploy.0 = Debug|Any CPU
		{631D3DB4-6175-43BD-9CD5-0FD0C0745AF7}.Debug|x86.ActiveCfg = Debug|Any CPU
		{631D3DB4-6175-43BD-9CD5-0FD0C0745AF7}.Debug|x86.Build.0 = Debug|Any CPU
		{631D3DB4-6175-43BD-9CD5-0FD0C0745AF7}.Debug|x86.Deploy.0 = Debug|Any CPU
		{631D3DB4-6175-43BD-9CD5-0FD0C0745AF7}.Release|Any CPU.ActiveCfg = Release|Any CPU
		{631D3DB4-6175-43BD-9CD5-0FD0C0745AF7}.Release|Any CPU.Build.0 = Release|Any CPU
		{631D3DB4-6175-43BD-9CD5-0FD0C0745AF7}.Release|Any CPU.Deploy.0 = Release|Any CPU
		{631D3DB4-6175-43BD-9CD5-0FD0C0745AF7}.Release|ARM.ActiveCfg = Release|Any CPU
		{631D3DB4-6175-43BD-9CD5-0FD0C0745AF7}.Release|ARM.Build.0 = Release|Any CPU
		{631D3DB4-6175-43BD-9CD5-0FD0C0745AF7}.Release|ARM.Deploy.0 = Release|Any CPU
		{631D3DB4-6175-43BD-9CD5-0FD0C0745AF7}.Release|iPhone.ActiveCfg = Release|Any CPU
		{631D3DB4-6175-43BD-9CD5-0FD0C0745AF7}.Release|iPhone.Build.0 = Release|Any CPU
		{631D3DB4-6175-43BD-9CD5-0FD0C0745AF7}.Release|iPhone.Deploy.0 = Release|Any CPU
		{631D3DB4-6175-43BD-9CD5-0FD0C0745AF7}.Release|iPhoneSimulator.ActiveCfg = Release|Any CPU
		{631D3DB4-6175-43BD-9CD5-0FD0C0745AF7}.Release|iPhoneSimulator.Build.0 = Release|Any CPU
		{631D3DB4-6175-43BD-9CD5-0FD0C0745AF7}.Release|iPhoneSimulator.Deploy.0 = Release|Any CPU
		{631D3DB4-6175-43BD-9CD5-0FD0C0745AF7}.Release|x64.ActiveCfg = Release|Any CPU
		{631D3DB4-6175-43BD-9CD5-0FD0C0745AF7}.Release|x64.Build.0 = Release|Any CPU
		{631D3DB4-6175-43BD-9CD5-0FD0C0745AF7}.Release|x64.Deploy.0 = Release|Any CPU
		{631D3DB4-6175-43BD-9CD5-0FD0C0745AF7}.Release|x86.ActiveCfg = Release|Any CPU
		{631D3DB4-6175-43BD-9CD5-0FD0C0745AF7}.Release|x86.Build.0 = Release|Any CPU
		{631D3DB4-6175-43BD-9CD5-0FD0C0745AF7}.Release|x86.Deploy.0 = Release|Any CPU
		{102380E9-2454-4CCC-A1C6-9ABF3A00CAAE}.Ad-Hoc|Any CPU.ActiveCfg = Ad-Hoc|iPhone
		{102380E9-2454-4CCC-A1C6-9ABF3A00CAAE}.Ad-Hoc|ARM.ActiveCfg = Ad-Hoc|iPhone
		{102380E9-2454-4CCC-A1C6-9ABF3A00CAAE}.Ad-Hoc|iPhone.ActiveCfg = Ad-Hoc|iPhone
		{102380E9-2454-4CCC-A1C6-9ABF3A00CAAE}.Ad-Hoc|iPhone.Build.0 = Ad-Hoc|iPhone
		{102380E9-2454-4CCC-A1C6-9ABF3A00CAAE}.Ad-Hoc|iPhoneSimulator.ActiveCfg = Ad-Hoc|iPhoneSimulator
		{102380E9-2454-4CCC-A1C6-9ABF3A00CAAE}.Ad-Hoc|iPhoneSimulator.Build.0 = Ad-Hoc|iPhoneSimulator
		{102380E9-2454-4CCC-A1C6-9ABF3A00CAAE}.Ad-Hoc|x64.ActiveCfg = Ad-Hoc|iPhone
		{102380E9-2454-4CCC-A1C6-9ABF3A00CAAE}.Ad-Hoc|x86.ActiveCfg = Ad-Hoc|iPhone
		{102380E9-2454-4CCC-A1C6-9ABF3A00CAAE}.AppStore|Any CPU.ActiveCfg = AppStore|iPhone
		{102380E9-2454-4CCC-A1C6-9ABF3A00CAAE}.AppStore|ARM.ActiveCfg = AppStore|iPhone
		{102380E9-2454-4CCC-A1C6-9ABF3A00CAAE}.AppStore|iPhone.ActiveCfg = AppStore|iPhone
		{102380E9-2454-4CCC-A1C6-9ABF3A00CAAE}.AppStore|iPhone.Build.0 = AppStore|iPhone
		{102380E9-2454-4CCC-A1C6-9ABF3A00CAAE}.AppStore|iPhoneSimulator.ActiveCfg = AppStore|iPhoneSimulator
		{102380E9-2454-4CCC-A1C6-9ABF3A00CAAE}.AppStore|iPhoneSimulator.Build.0 = AppStore|iPhoneSimulator
		{102380E9-2454-4CCC-A1C6-9ABF3A00CAAE}.AppStore|x64.ActiveCfg = AppStore|iPhone
		{102380E9-2454-4CCC-A1C6-9ABF3A00CAAE}.AppStore|x86.ActiveCfg = AppStore|iPhone
		{102380E9-2454-4CCC-A1C6-9ABF3A00CAAE}.Debug|Any CPU.ActiveCfg = Debug|iPhone
		{102380E9-2454-4CCC-A1C6-9ABF3A00CAAE}.Debug|ARM.ActiveCfg = Debug|iPhone
		{102380E9-2454-4CCC-A1C6-9ABF3A00CAAE}.Debug|iPhone.ActiveCfg = Debug|iPhone
		{102380E9-2454-4CCC-A1C6-9ABF3A00CAAE}.Debug|iPhone.Build.0 = Debug|iPhone
		{102380E9-2454-4CCC-A1C6-9ABF3A00CAAE}.Debug|iPhoneSimulator.ActiveCfg = Debug|iPhoneSimulator
		{102380E9-2454-4CCC-A1C6-9ABF3A00CAAE}.Debug|iPhoneSimulator.Build.0 = Debug|iPhoneSimulator
		{102380E9-2454-4CCC-A1C6-9ABF3A00CAAE}.Debug|x64.ActiveCfg = Debug|iPhone
		{102380E9-2454-4CCC-A1C6-9ABF3A00CAAE}.Debug|x86.ActiveCfg = Debug|iPhone
		{102380E9-2454-4CCC-A1C6-9ABF3A00CAAE}.Release|Any CPU.ActiveCfg = Release|iPhone
		{102380E9-2454-4CCC-A1C6-9ABF3A00CAAE}.Release|ARM.ActiveCfg = Release|iPhone
		{102380E9-2454-4CCC-A1C6-9ABF3A00CAAE}.Release|iPhone.ActiveCfg = Release|iPhone
		{102380E9-2454-4CCC-A1C6-9ABF3A00CAAE}.Release|iPhone.Build.0 = Release|iPhone
		{102380E9-2454-4CCC-A1C6-9ABF3A00CAAE}.Release|iPhoneSimulator.ActiveCfg = Release|iPhoneSimulator
		{102380E9-2454-4CCC-A1C6-9ABF3A00CAAE}.Release|iPhoneSimulator.Build.0 = Release|iPhoneSimulator
		{102380E9-2454-4CCC-A1C6-9ABF3A00CAAE}.Release|x64.ActiveCfg = Release|iPhone
		{102380E9-2454-4CCC-A1C6-9ABF3A00CAAE}.Release|x86.ActiveCfg = Release|iPhone
		{108DE58E-BF9C-45D5-BB87-BAD5935B1FDA}.Ad-Hoc|Any CPU.ActiveCfg = Release|Any CPU
		{108DE58E-BF9C-45D5-BB87-BAD5935B1FDA}.Ad-Hoc|Any CPU.Build.0 = Release|Any CPU
		{108DE58E-BF9C-45D5-BB87-BAD5935B1FDA}.Ad-Hoc|Any CPU.Deploy.0 = Release|Any CPU
		{108DE58E-BF9C-45D5-BB87-BAD5935B1FDA}.Ad-Hoc|ARM.ActiveCfg = Release|ARM
		{108DE58E-BF9C-45D5-BB87-BAD5935B1FDA}.Ad-Hoc|ARM.Build.0 = Release|ARM
		{108DE58E-BF9C-45D5-BB87-BAD5935B1FDA}.Ad-Hoc|ARM.Deploy.0 = Release|ARM
		{108DE58E-BF9C-45D5-BB87-BAD5935B1FDA}.Ad-Hoc|iPhone.ActiveCfg = Release|Any CPU
		{108DE58E-BF9C-45D5-BB87-BAD5935B1FDA}.Ad-Hoc|iPhone.Build.0 = Release|Any CPU
		{108DE58E-BF9C-45D5-BB87-BAD5935B1FDA}.Ad-Hoc|iPhone.Deploy.0 = Release|Any CPU
		{108DE58E-BF9C-45D5-BB87-BAD5935B1FDA}.Ad-Hoc|iPhoneSimulator.ActiveCfg = Release|Any CPU
		{108DE58E-BF9C-45D5-BB87-BAD5935B1FDA}.Ad-Hoc|iPhoneSimulator.Build.0 = Release|Any CPU
		{108DE58E-BF9C-45D5-BB87-BAD5935B1FDA}.Ad-Hoc|iPhoneSimulator.Deploy.0 = Release|Any CPU
		{108DE58E-BF9C-45D5-BB87-BAD5935B1FDA}.Ad-Hoc|x64.ActiveCfg = Release|Any CPU
		{108DE58E-BF9C-45D5-BB87-BAD5935B1FDA}.Ad-Hoc|x64.Build.0 = Release|Any CPU
		{108DE58E-BF9C-45D5-BB87-BAD5935B1FDA}.Ad-Hoc|x64.Deploy.0 = Release|Any CPU
		{108DE58E-BF9C-45D5-BB87-BAD5935B1FDA}.Ad-Hoc|x86.ActiveCfg = Release|x86
		{108DE58E-BF9C-45D5-BB87-BAD5935B1FDA}.Ad-Hoc|x86.Build.0 = Release|x86
		{108DE58E-BF9C-45D5-BB87-BAD5935B1FDA}.Ad-Hoc|x86.Deploy.0 = Release|x86
		{108DE58E-BF9C-45D5-BB87-BAD5935B1FDA}.AppStore|Any CPU.ActiveCfg = Release|Any CPU
		{108DE58E-BF9C-45D5-BB87-BAD5935B1FDA}.AppStore|Any CPU.Build.0 = Release|Any CPU
		{108DE58E-BF9C-45D5-BB87-BAD5935B1FDA}.AppStore|Any CPU.Deploy.0 = Release|Any CPU
		{108DE58E-BF9C-45D5-BB87-BAD5935B1FDA}.AppStore|ARM.ActiveCfg = Release|ARM
		{108DE58E-BF9C-45D5-BB87-BAD5935B1FDA}.AppStore|ARM.Build.0 = Release|ARM
		{108DE58E-BF9C-45D5-BB87-BAD5935B1FDA}.AppStore|ARM.Deploy.0 = Release|ARM
		{108DE58E-BF9C-45D5-BB87-BAD5935B1FDA}.AppStore|iPhone.ActiveCfg = Release|Any CPU
		{108DE58E-BF9C-45D5-BB87-BAD5935B1FDA}.AppStore|iPhone.Build.0 = Release|Any CPU
		{108DE58E-BF9C-45D5-BB87-BAD5935B1FDA}.AppStore|iPhone.Deploy.0 = Release|Any CPU
		{108DE58E-BF9C-45D5-BB87-BAD5935B1FDA}.AppStore|iPhoneSimulator.ActiveCfg = Release|Any CPU
		{108DE58E-BF9C-45D5-BB87-BAD5935B1FDA}.AppStore|iPhoneSimulator.Build.0 = Release|Any CPU
		{108DE58E-BF9C-45D5-BB87-BAD5935B1FDA}.AppStore|iPhoneSimulator.Deploy.0 = Release|Any CPU
		{108DE58E-BF9C-45D5-BB87-BAD5935B1FDA}.AppStore|x64.ActiveCfg = Release|Any CPU
		{108DE58E-BF9C-45D5-BB87-BAD5935B1FDA}.AppStore|x64.Build.0 = Release|Any CPU
		{108DE58E-BF9C-45D5-BB87-BAD5935B1FDA}.AppStore|x64.Deploy.0 = Release|Any CPU
		{108DE58E-BF9C-45D5-BB87-BAD5935B1FDA}.AppStore|x86.ActiveCfg = Release|x86
		{108DE58E-BF9C-45D5-BB87-BAD5935B1FDA}.AppStore|x86.Build.0 = Release|x86
		{108DE58E-BF9C-45D5-BB87-BAD5935B1FDA}.AppStore|x86.Deploy.0 = Release|x86
		{108DE58E-BF9C-45D5-BB87-BAD5935B1FDA}.Debug|Any CPU.ActiveCfg = Debug|Any CPU
		{108DE58E-BF9C-45D5-BB87-BAD5935B1FDA}.Debug|Any CPU.Build.0 = Debug|Any CPU
		{108DE58E-BF9C-45D5-BB87-BAD5935B1FDA}.Debug|Any CPU.Deploy.0 = Debug|Any CPU
		{108DE58E-BF9C-45D5-BB87-BAD5935B1FDA}.Debug|ARM.ActiveCfg = Debug|ARM
		{108DE58E-BF9C-45D5-BB87-BAD5935B1FDA}.Debug|ARM.Build.0 = Debug|ARM
		{108DE58E-BF9C-45D5-BB87-BAD5935B1FDA}.Debug|ARM.Deploy.0 = Debug|ARM
		{108DE58E-BF9C-45D5-BB87-BAD5935B1FDA}.Debug|iPhone.ActiveCfg = Debug|Any CPU
		{108DE58E-BF9C-45D5-BB87-BAD5935B1FDA}.Debug|iPhone.Build.0 = Debug|Any CPU
		{108DE58E-BF9C-45D5-BB87-BAD5935B1FDA}.Debug|iPhone.Deploy.0 = Debug|Any CPU
		{108DE58E-BF9C-45D5-BB87-BAD5935B1FDA}.Debug|iPhoneSimulator.ActiveCfg = Debug|Any CPU
		{108DE58E-BF9C-45D5-BB87-BAD5935B1FDA}.Debug|iPhoneSimulator.Build.0 = Debug|Any CPU
		{108DE58E-BF9C-45D5-BB87-BAD5935B1FDA}.Debug|iPhoneSimulator.Deploy.0 = Debug|Any CPU
		{108DE58E-BF9C-45D5-BB87-BAD5935B1FDA}.Debug|x64.ActiveCfg = Debug|Any CPU
		{108DE58E-BF9C-45D5-BB87-BAD5935B1FDA}.Debug|x64.Build.0 = Debug|Any CPU
		{108DE58E-BF9C-45D5-BB87-BAD5935B1FDA}.Debug|x64.Deploy.0 = Debug|Any CPU
		{108DE58E-BF9C-45D5-BB87-BAD5935B1FDA}.Debug|x86.ActiveCfg = Debug|x86
		{108DE58E-BF9C-45D5-BB87-BAD5935B1FDA}.Debug|x86.Build.0 = Debug|x86
		{108DE58E-BF9C-45D5-BB87-BAD5935B1FDA}.Debug|x86.Deploy.0 = Debug|x86
		{108DE58E-BF9C-45D5-BB87-BAD5935B1FDA}.Release|Any CPU.ActiveCfg = Release|Any CPU
		{108DE58E-BF9C-45D5-BB87-BAD5935B1FDA}.Release|Any CPU.Build.0 = Release|Any CPU
		{108DE58E-BF9C-45D5-BB87-BAD5935B1FDA}.Release|Any CPU.Deploy.0 = Release|Any CPU
		{108DE58E-BF9C-45D5-BB87-BAD5935B1FDA}.Release|ARM.ActiveCfg = Release|ARM
		{108DE58E-BF9C-45D5-BB87-BAD5935B1FDA}.Release|ARM.Build.0 = Release|ARM
		{108DE58E-BF9C-45D5-BB87-BAD5935B1FDA}.Release|ARM.Deploy.0 = Release|ARM
		{108DE58E-BF9C-45D5-BB87-BAD5935B1FDA}.Release|iPhone.ActiveCfg = Release|Any CPU
		{108DE58E-BF9C-45D5-BB87-BAD5935B1FDA}.Release|iPhone.Build.0 = Release|Any CPU
		{108DE58E-BF9C-45D5-BB87-BAD5935B1FDA}.Release|iPhone.Deploy.0 = Release|Any CPU
		{108DE58E-BF9C-45D5-BB87-BAD5935B1FDA}.Release|iPhoneSimulator.ActiveCfg = Release|Any CPU
		{108DE58E-BF9C-45D5-BB87-BAD5935B1FDA}.Release|iPhoneSimulator.Build.0 = Release|Any CPU
		{108DE58E-BF9C-45D5-BB87-BAD5935B1FDA}.Release|iPhoneSimulator.Deploy.0 = Release|Any CPU
		{108DE58E-BF9C-45D5-BB87-BAD5935B1FDA}.Release|x64.ActiveCfg = Release|Any CPU
		{108DE58E-BF9C-45D5-BB87-BAD5935B1FDA}.Release|x64.Build.0 = Release|Any CPU
		{108DE58E-BF9C-45D5-BB87-BAD5935B1FDA}.Release|x64.Deploy.0 = Release|Any CPU
		{108DE58E-BF9C-45D5-BB87-BAD5935B1FDA}.Release|x86.ActiveCfg = Release|x86
		{108DE58E-BF9C-45D5-BB87-BAD5935B1FDA}.Release|x86.Build.0 = Release|x86
		{108DE58E-BF9C-45D5-BB87-BAD5935B1FDA}.Release|x86.Deploy.0 = Release|x86
		{3721AECD-6ED9-4763-8955-C70D19D50E77}.Ad-Hoc|Any CPU.ActiveCfg = Release|Any CPU
		{3721AECD-6ED9-4763-8955-C70D19D50E77}.Ad-Hoc|Any CPU.Build.0 = Release|Any CPU
		{3721AECD-6ED9-4763-8955-C70D19D50E77}.Ad-Hoc|Any CPU.Deploy.0 = Release|Any CPU
		{3721AECD-6ED9-4763-8955-C70D19D50E77}.Ad-Hoc|ARM.ActiveCfg = Release|ARM
		{3721AECD-6ED9-4763-8955-C70D19D50E77}.Ad-Hoc|ARM.Build.0 = Release|ARM
		{3721AECD-6ED9-4763-8955-C70D19D50E77}.Ad-Hoc|ARM.Deploy.0 = Release|ARM
		{3721AECD-6ED9-4763-8955-C70D19D50E77}.Ad-Hoc|iPhone.ActiveCfg = Release|Any CPU
		{3721AECD-6ED9-4763-8955-C70D19D50E77}.Ad-Hoc|iPhone.Build.0 = Release|Any CPU
		{3721AECD-6ED9-4763-8955-C70D19D50E77}.Ad-Hoc|iPhone.Deploy.0 = Release|Any CPU
		{3721AECD-6ED9-4763-8955-C70D19D50E77}.Ad-Hoc|iPhoneSimulator.ActiveCfg = Release|Any CPU
		{3721AECD-6ED9-4763-8955-C70D19D50E77}.Ad-Hoc|iPhoneSimulator.Build.0 = Release|Any CPU
		{3721AECD-6ED9-4763-8955-C70D19D50E77}.Ad-Hoc|iPhoneSimulator.Deploy.0 = Release|Any CPU
		{3721AECD-6ED9-4763-8955-C70D19D50E77}.Ad-Hoc|x64.ActiveCfg = Release|x64
		{3721AECD-6ED9-4763-8955-C70D19D50E77}.Ad-Hoc|x64.Build.0 = Release|x64
		{3721AECD-6ED9-4763-8955-C70D19D50E77}.Ad-Hoc|x64.Deploy.0 = Release|x64
		{3721AECD-6ED9-4763-8955-C70D19D50E77}.Ad-Hoc|x86.ActiveCfg = Release|x86
		{3721AECD-6ED9-4763-8955-C70D19D50E77}.Ad-Hoc|x86.Build.0 = Release|x86
		{3721AECD-6ED9-4763-8955-C70D19D50E77}.Ad-Hoc|x86.Deploy.0 = Release|x86
		{3721AECD-6ED9-4763-8955-C70D19D50E77}.AppStore|Any CPU.ActiveCfg = Release|Any CPU
		{3721AECD-6ED9-4763-8955-C70D19D50E77}.AppStore|Any CPU.Build.0 = Release|Any CPU
		{3721AECD-6ED9-4763-8955-C70D19D50E77}.AppStore|Any CPU.Deploy.0 = Release|Any CPU
		{3721AECD-6ED9-4763-8955-C70D19D50E77}.AppStore|ARM.ActiveCfg = Release|ARM
		{3721AECD-6ED9-4763-8955-C70D19D50E77}.AppStore|ARM.Build.0 = Release|ARM
		{3721AECD-6ED9-4763-8955-C70D19D50E77}.AppStore|ARM.Deploy.0 = Release|ARM
		{3721AECD-6ED9-4763-8955-C70D19D50E77}.AppStore|iPhone.ActiveCfg = Release|Any CPU
		{3721AECD-6ED9-4763-8955-C70D19D50E77}.AppStore|iPhone.Build.0 = Release|Any CPU
		{3721AECD-6ED9-4763-8955-C70D19D50E77}.AppStore|iPhone.Deploy.0 = Release|Any CPU
		{3721AECD-6ED9-4763-8955-C70D19D50E77}.AppStore|iPhoneSimulator.ActiveCfg = Release|Any CPU
		{3721AECD-6ED9-4763-8955-C70D19D50E77}.AppStore|iPhoneSimulator.Build.0 = Release|Any CPU
		{3721AECD-6ED9-4763-8955-C70D19D50E77}.AppStore|iPhoneSimulator.Deploy.0 = Release|Any CPU
		{3721AECD-6ED9-4763-8955-C70D19D50E77}.AppStore|x64.ActiveCfg = Release|x64
		{3721AECD-6ED9-4763-8955-C70D19D50E77}.AppStore|x64.Build.0 = Release|x64
		{3721AECD-6ED9-4763-8955-C70D19D50E77}.AppStore|x64.Deploy.0 = Release|x64
		{3721AECD-6ED9-4763-8955-C70D19D50E77}.AppStore|x86.ActiveCfg = Release|x86
		{3721AECD-6ED9-4763-8955-C70D19D50E77}.AppStore|x86.Build.0 = Release|x86
		{3721AECD-6ED9-4763-8955-C70D19D50E77}.AppStore|x86.Deploy.0 = Release|x86
		{3721AECD-6ED9-4763-8955-C70D19D50E77}.Debug|Any CPU.ActiveCfg = Debug|Any CPU
		{3721AECD-6ED9-4763-8955-C70D19D50E77}.Debug|Any CPU.Build.0 = Debug|Any CPU
		{3721AECD-6ED9-4763-8955-C70D19D50E77}.Debug|Any CPU.Deploy.0 = Debug|Any CPU
		{3721AECD-6ED9-4763-8955-C70D19D50E77}.Debug|ARM.ActiveCfg = Debug|ARM
		{3721AECD-6ED9-4763-8955-C70D19D50E77}.Debug|ARM.Build.0 = Debug|ARM
		{3721AECD-6ED9-4763-8955-C70D19D50E77}.Debug|ARM.Deploy.0 = Debug|ARM
		{3721AECD-6ED9-4763-8955-C70D19D50E77}.Debug|iPhone.ActiveCfg = Debug|Any CPU
		{3721AECD-6ED9-4763-8955-C70D19D50E77}.Debug|iPhone.Build.0 = Debug|Any CPU
		{3721AECD-6ED9-4763-8955-C70D19D50E77}.Debug|iPhone.Deploy.0 = Debug|Any CPU
		{3721AECD-6ED9-4763-8955-C70D19D50E77}.Debug|iPhoneSimulator.ActiveCfg = Debug|Any CPU
		{3721AECD-6ED9-4763-8955-C70D19D50E77}.Debug|iPhoneSimulator.Build.0 = Debug|Any CPU
		{3721AECD-6ED9-4763-8955-C70D19D50E77}.Debug|iPhoneSimulator.Deploy.0 = Debug|Any CPU
		{3721AECD-6ED9-4763-8955-C70D19D50E77}.Debug|x64.ActiveCfg = Debug|x64
		{3721AECD-6ED9-4763-8955-C70D19D50E77}.Debug|x64.Build.0 = Debug|x64
		{3721AECD-6ED9-4763-8955-C70D19D50E77}.Debug|x64.Deploy.0 = Debug|x64
		{3721AECD-6ED9-4763-8955-C70D19D50E77}.Debug|x86.ActiveCfg = Debug|x86
		{3721AECD-6ED9-4763-8955-C70D19D50E77}.Debug|x86.Build.0 = Debug|x86
		{3721AECD-6ED9-4763-8955-C70D19D50E77}.Debug|x86.Deploy.0 = Debug|x86
		{3721AECD-6ED9-4763-8955-C70D19D50E77}.Release|Any CPU.ActiveCfg = Release|Any CPU
		{3721AECD-6ED9-4763-8955-C70D19D50E77}.Release|Any CPU.Build.0 = Release|Any CPU
		{3721AECD-6ED9-4763-8955-C70D19D50E77}.Release|Any CPU.Deploy.0 = Release|Any CPU
		{3721AECD-6ED9-4763-8955-C70D19D50E77}.Release|ARM.ActiveCfg = Release|ARM
		{3721AECD-6ED9-4763-8955-C70D19D50E77}.Release|ARM.Build.0 = Release|ARM
		{3721AECD-6ED9-4763-8955-C70D19D50E77}.Release|ARM.Deploy.0 = Release|ARM
		{3721AECD-6ED9-4763-8955-C70D19D50E77}.Release|iPhone.ActiveCfg = Release|Any CPU
		{3721AECD-6ED9-4763-8955-C70D19D50E77}.Release|iPhone.Build.0 = Release|Any CPU
		{3721AECD-6ED9-4763-8955-C70D19D50E77}.Release|iPhone.Deploy.0 = Release|Any CPU
		{3721AECD-6ED9-4763-8955-C70D19D50E77}.Release|iPhoneSimulator.ActiveCfg = Release|Any CPU
		{3721AECD-6ED9-4763-8955-C70D19D50E77}.Release|iPhoneSimulator.Build.0 = Release|Any CPU
		{3721AECD-6ED9-4763-8955-C70D19D50E77}.Release|iPhoneSimulator.Deploy.0 = Release|Any CPU
		{3721AECD-6ED9-4763-8955-C70D19D50E77}.Release|x64.ActiveCfg = Release|x64
		{3721AECD-6ED9-4763-8955-C70D19D50E77}.Release|x64.Build.0 = Release|x64
		{3721AECD-6ED9-4763-8955-C70D19D50E77}.Release|x64.Deploy.0 = Release|x64
		{3721AECD-6ED9-4763-8955-C70D19D50E77}.Release|x86.ActiveCfg = Release|x86
		{3721AECD-6ED9-4763-8955-C70D19D50E77}.Release|x86.Build.0 = Release|x86
		{3721AECD-6ED9-4763-8955-C70D19D50E77}.Release|x86.Deploy.0 = Release|x86
	EndGlobalSection
	GlobalSection(SolutionProperties) = preSolution
		HideSolutionNode = FALSE
	EndGlobalSection
EndGlobal
